
Microsoft Visual Studio Solution File, Format Version 12.00
# Visual Studio 2015
Project("{FAE04EC0-301F-11D3-BF4B-00C04F79EFBC}") = "ufps.CSharp.Plugins", "ufps.CSharp.Plugins.csproj", "{400B79DB-73F2-6321-68F0-E2E638325327}"
EndProject
Project("{FAE04EC0-301F-11D3-BF4B-00C04F79EFBC}") = "ufps.CSharp", "ufps.CSharp.csproj", "{710986F6-AEEE-9DD7-599B-6EEDB8C7D79D}"
EndProject
Project("{FAE04EC0-301F-11D3-BF4B-00C04F79EFBC}") = "ufps.CSharp.Editor", "ufps.CSharp.Editor.csproj", "{46B69087-A2A6-40EE-D6DD-44E8E77EE7A9}"
EndProject
Global
	GlobalSection(SolutionConfigurationPlatforms) = preSolution
		Debug|Any CPU = Debug|Any CPU
		Release|Any CPU = Release|Any CPU
	EndGlobalSection
	GlobalSection(ProjectConfigurationPlatforms) = postSolution
		{400B79DB-73F2-6321-68F0-E2E638325327}.Debug|Any CPU.ActiveCfg = Debug|Any CPU
		{400B79DB-73F2-6321-68F0-E2E638325327}.Debug|Any CPU.Build.0 = Debug|Any CPU
		{400B79DB-73F2-6321-68F0-E2E638325327}.Release|Any CPU.ActiveCfg = Release|Any CPU
		{400B79DB-73F2-6321-68F0-E2E638325327}.Release|Any CPU.Build.0 = Release|Any CPU
		{710986F6-AEEE-9DD7-599B-6EEDB8C7D79D}.Debug|Any CPU.ActiveCfg = Debug|Any CPU
		{710986F6-AEEE-9DD7-599B-6EEDB8C7D79D}.Debug|Any CPU.Build.0 = Debug|Any CPU
		{710986F6-AEEE-9DD7-599B-6EEDB8C7D79D}.Release|Any CPU.ActiveCfg = Release|Any CPU
		{710986F6-AEEE-9DD7-599B-6EEDB8C7D79D}.Release|Any CPU.Build.0 = Release|Any CPU
		{46B69087-A2A6-40EE-D6DD-44E8E77EE7A9}.Debug|Any CPU.ActiveCfg = Debug|Any CPU
		{46B69087-A2A6-40EE-D6DD-44E8E77EE7A9}.Debug|Any CPU.Build.0 = Debug|Any CPU
		{46B69087-A2A6-40EE-D6DD-44E8E77EE7A9}.Release|Any CPU.ActiveCfg = Release|Any CPU
		{46B69087-A2A6-40EE-D6DD-44E8E77EE7A9}.Release|Any CPU.Build.0 = Release|Any CPU
	EndGlobalSection
	GlobalSection(SolutionProperties) = preSolution
		HideSolutionNode = FALSE
	EndGlobalSection
EndGlobal
